
Microsoft Visual Studio Solution File, Format Version 12.00
# Visual Studio Version 16
VisualStudioVersion = 16.0.28803.452
MinimumVisualStudioVersion = 10.0.40219.1
Project("{FAE04EC0-301F-11D3-BF4B-00C04F79EFBC}") = "TeaBagMaker", "TeaBagMaker\TeaBagMaker.csproj", "{BD97582D-1E2D-4F97-984F-84A6C9520C90}"
EndProject
Global
	GlobalSection(SolutionConfigurationPlatforms) = preSolution
		Debug|Any CPU = Debug|Any CPU
		Release|Any CPU = Release|Any CPU
	EndGlobalSection
	GlobalSection(ProjectConfigurationPlatforms) = postSolution
		{BD97582D-1E2D-4F97-984F-84A6C9520C90}.Debug|Any CPU.ActiveCfg = Debug|Any CPU
		{BD97582D-1E2D-4F97-984F-84A6C9520C90}.Debug|Any CPU.Build.0 = Debug|Any CPU
		{BD97582D-1E2D-4F97-984F-84A6C9520C90}.Release|Any CPU.ActiveCfg = Release|Any CPU
		{BD97582D-1E2D-4F97-984F-84A6C9520C90}.Release|Any CPU.Build.0 = Release|Any CPU
	EndGlobalSection
	GlobalSection(SolutionProperties) = preSolution
		HideSolutionNode = FALSE
	EndGlobalSection
	GlobalSection(ExtensibilityGlobals) = postSolution
		SolutionGuid = {89A33E70-643D-4F53-9320-ADC0E4E7D7B5}
	EndGlobalSection
EndGlobal
